// !$*UTF8*$!
{
	archiveVersion = 1;
	classes = {
	};
	objectVersion = 50;
	objects = {

/* Begin PBXBuildFile section */
		656BA6BA220E86CE00C28C14 /* AppDelegate.swift in Sources */ = {isa = PBXBuildFile; fileRef = 656BA6B9220E86CE00C28C14 /* AppDelegate.swift */; };
		656BA6BF220E86CE00C28C14 /* Main.storyboard in Resources */ = {isa = PBXBuildFile; fileRef = 656BA6BD220E86CE00C28C14 /* Main.storyboard */; };
		656BA6C2220E86CE00C28C14 /* Hello_World.xcdatamodeld in Sources */ = {isa = PBXBuildFile; fileRef = 656BA6C0220E86CE00C28C14 /* Hello_World.xcdatamodeld */; };
		656BA6C4220E86CF00C28C14 /* Assets.xcassets in Resources */ = {isa = PBXBuildFile; fileRef = 656BA6C3220E86CF00C28C14 /* Assets.xcassets */; };
		656BA6C7220E86CF00C28C14 /* LaunchScreen.storyboard in Resources */ = {isa = PBXBuildFile; fileRef = 656BA6C5220E86CF00C28C14 /* LaunchScreen.storyboard */; };
		656BA6D2220E86CF00C28C14 /* Hello_WorldUITests.swift in Sources */ = {isa = PBXBuildFile; fileRef = 656BA6D1220E86CF00C28C14 /* Hello_WorldUITests.swift */; };
		656BA6DD220E8E8A00C28C14 /* HelloWorldViewController.swift in Sources */ = {isa = PBXBuildFile; fileRef = 656BA6DC220E8E8A00C28C14 /* HelloWorldViewController.swift */; };
/* End PBXBuildFile section */

/* Begin PBXContainerItemProxy section */
		656BA6CE220E86CF00C28C14 /* PBXContainerItemProxy */ = {
			isa = PBXContainerItemProxy;
			containerPortal = 656BA6AE220E86CE00C28C14 /* Project object */;
			proxyType = 1;
			remoteGlobalIDString = 656BA6B5220E86CE00C28C14;
			remoteInfo = "Hello World";
		};
/* End PBXContainerItemProxy section */

/* Begin PBXFileReference section */
		656BA6B6220E86CE00C28C14 /* Hello World.app */ = {isa = PBXFileReference; explicitFileType = wrapper.application; includeInIndex = 0; path = "Hello World.app"; sourceTree = BUILT_PRODUCTS_DIR; };
		656BA6B9220E86CE00C28C14 /* AppDelegate.swift */ = {isa = PBXFileReference; lastKnownFileType = sourcecode.swift; path = AppDelegate.swift; sourceTree = "<group>"; };
		656BA6BE220E86CE00C28C14 /* Base */ = {isa = PBXFileReference; lastKnownFileType = file.storyboard; name = Base; path = Base.lproj/Main.storyboard; sourceTree = "<group>"; };
		656BA6C1220E86CE00C28C14 /* Hello_World.xcdatamodel */ = {isa = PBXFileReference; lastKnownFileType = wrapper.xcdatamodel; path = Hello_World.xcdatamodel; sourceTree = "<group>"; };
		656BA6C3220E86CF00C28C14 /* Assets.xcassets */ = {isa = PBXFileReference; lastKnownFileType = folder.assetcatalog; path = Assets.xcassets; sourceTree = "<group>"; };
		656BA6C6220E86CF00C28C14 /* Base */ = {isa = PBXFileReference; lastKnownFileType = file.storyboard; name = Base; path = Base.lproj/LaunchScreen.storyboard; sourceTree = "<group>"; };
		656BA6C8220E86CF00C28C14 /* Info.plist */ = {isa = PBXFileReference; lastKnownFileType = text.plist.xml; path = Info.plist; sourceTree = "<group>"; };
		656BA6CD220E86CF00C28C14 /* Hello WorldUITests.xctest */ = {isa = PBXFileReference; explicitFileType = wrapper.cfbundle; includeInIndex = 0; path = "Hello WorldUITests.xctest"; sourceTree = BUILT_PRODUCTS_DIR; };
		656BA6D1220E86CF00C28C14 /* Hello_WorldUITests.swift */ = {isa = PBXFileReference; lastKnownFileType = sourcecode.swift; path = Hello_WorldUITests.swift; sourceTree = "<group>"; };
		656BA6D3220E86CF00C28C14 /* Info.plist */ = {isa = PBXFileReference; lastKnownFileType = text.plist.xml; path = Info.plist; sourceTree = "<group>"; };
		656BA6DC220E8E8A00C28C14 /* HelloWorldViewController.swift */ = {isa = PBXFileReference; lastKnownFileType = sourcecode.swift; path = HelloWorldViewController.swift; sourceTree = "<group>"; };
/* End PBXFileReference section */

/* Begin PBXFrameworksBuildPhase section */
		656BA6B3220E86CE00C28C14 /* Frameworks */ = {
			isa = PBXFrameworksBuildPhase;
			buildActionMask = 2147483647;
			files = (
			);
			runOnlyForDeploymentPostprocessing = 0;
		};
		656BA6CA220E86CF00C28C14 /* Frameworks */ = {
			isa = PBXFrameworksBuildPhase;
			buildActionMask = 2147483647;
			files = (
			);
			runOnlyForDeploymentPostprocessing = 0;
		};
/* End PBXFrameworksBuildPhase section */

/* Begin PBXGroup section */
		656BA6AD220E86CE00C28C14 = {
			isa = PBXGroup;
			children = (
				656BA6B8220E86CE00C28C14 /* Hello World */,
				656BA6D0220E86CF00C28C14 /* Hello WorldUITests */,
				656BA6B7220E86CE00C28C14 /* Products */,
			);
			sourceTree = "<group>";
		};
		656BA6B7220E86CE00C28C14 /* Products */ = {
			isa = PBXGroup;
			children = (
				656BA6B6220E86CE00C28C14 /* Hello World.app */,
				656BA6CD220E86CF00C28C14 /* Hello WorldUITests.xctest */,
			);
			name = Products;
			sourceTree = "<group>";
		};
		656BA6B8220E86CE00C28C14 /* Hello World */ = {
			isa = PBXGroup;
			children = (
				656BA6B9220E86CE00C28C14 /* AppDelegate.swift */,
				656BA6DC220E8E8A00C28C14 /* HelloWorldViewController.swift */,
				656BA6BD220E86CE00C28C14 /* Main.storyboard */,
				656BA6C3220E86CF00C28C14 /* Assets.xcassets */,
				656BA6C5220E86CF00C28C14 /* LaunchScreen.storyboard */,
				656BA6C8220E86CF00C28C14 /* Info.plist */,
				656BA6C0220E86CE00C28C14 /* Hello_World.xcdatamodeld */,
			);
			path = "Hello World";
			sourceTree = "<group>";
		};
		656BA6D0220E86CF00C28C14 /* Hello WorldUITests */ = {
			isa = PBXGroup;
			children = (
				656BA6D1220E86CF00C28C14 /* Hello_WorldUITests.swift */,
				656BA6D3220E86CF00C28C14 /* Info.plist */,
			);
			path = "Hello WorldUITests";
			sourceTree = "<group>";
		};
/* End PBXGroup section */

/* Begin PBXNativeTarget section */
		656BA6B5220E86CE00C28C14 /* Hello World */ = {
			isa = PBXNativeTarget;
			buildConfigurationList = 656BA6D6220E86CF00C28C14 /* Build configuration list for PBXNativeTarget "Hello World" */;
			buildPhases = (
				656BA6B2220E86CE00C28C14 /* Sources */,
				656BA6B3220E86CE00C28C14 /* Frameworks */,
				656BA6B4220E86CE00C28C14 /* Resources */,
			);
			buildRules = (
			);
			dependencies = (
			);
			name = "Hello World";
			productName = "Hello World";
			productReference = 656BA6B6220E86CE00C28C14 /* Hello World.app */;
			productType = "com.apple.product-type.application";
		};
		656BA6CC220E86CF00C28C14 /* Hello WorldUITests */ = {
			isa = PBXNativeTarget;
			buildConfigurationList = 656BA6D9220E86CF00C28C14 /* Build configuration list for PBXNativeTarget "Hello WorldUITests" */;
			buildPhases = (
				656BA6C9220E86CF00C28C14 /* Sources */,
				656BA6CA220E86CF00C28C14 /* Frameworks */,
				656BA6CB220E86CF00C28C14 /* Resources */,
			);
			buildRules = (
			);
			dependencies = (
				656BA6CF220E86CF00C28C14 /* PBXTargetDependency */,
			);
			name = "Hello WorldUITests";
			productName = "Hello WorldUITests";
			productReference = 656BA6CD220E86CF00C28C14 /* Hello WorldUITests.xctest */;
			productType = "com.apple.product-type.bundle.ui-testing";
		};
/* End PBXNativeTarget section */

/* Begin PBXProject section */
		656BA6AE220E86CE00C28C14 /* Project object */ = {
			isa = PBXProject;
			attributes = {
				LastSwiftUpdateCheck = 1010;
				LastUpgradeCheck = 1010;
				ORGANIZATIONNAME = "Tommy Ertl";
				TargetAttributes = {
					656BA6B5220E86CE00C28C14 = {
						CreatedOnToolsVersion = 10.1;
					};
					656BA6CC220E86CF00C28C14 = {
						CreatedOnToolsVersion = 10.1;
						TestTargetID = 656BA6B5220E86CE00C28C14;
					};
				};
			};
			buildConfigurationList = 656BA6B1220E86CE00C28C14 /* Build configuration list for PBXProject "Hello World" */;
			compatibilityVersion = "Xcode 9.3";
			developmentRegion = en;
			hasScannedForEncodings = 0;
			knownRegions = (
				en,
				Base,
			);
			mainGroup = 656BA6AD220E86CE00C28C14;
			productRefGroup = 656BA6B7220E86CE00C28C14 /* Products */;
			projectDirPath = "";
			projectRoot = "";
			targets = (
				656BA6B5220E86CE00C28C14 /* Hello World */,
				656BA6CC220E86CF00C28C14 /* Hello WorldUITests */,
			);
		};
/* End PBXProject section */

/* Begin PBXResourcesBuildPhase section */
		656BA6B4220E86CE00C28C14 /* Resources */ = {
			isa = PBXResourcesBuildPhase;
			buildActionMask = 2147483647;
			files = (
				656BA6C7220E86CF00C28C14 /* LaunchScreen.storyboard in Resources */,
				656BA6C4220E86CF00C28C14 /* Assets.xcassets in Resources */,
				656BA6BF220E86CE00C28C14 /* Main.storyboard in Resources */,
			);
			runOnlyForDeploymentPostprocessing = 0;
		};
		656BA6CB220E86CF00C28C14 /* Resources */ = {
			isa = PBXResourcesBuildPhase;
			buildActionMask = 2147483647;
			files = (
			);
			runOnlyForDeploymentPostprocessing = 0;
		};
/* End PBXResourcesBuildPhase section */

/* Begin PBXSourcesBuildPhase section */
		656BA6B2220E86CE00C28C14 /* Sources */ = {
			isa = PBXSourcesBuildPhase;
			buildActionMask = 2147483647;
			files = (
				656BA6C2220E86CE00C28C14 /* Hello_World.xcdatamodeld in Sources */,
				656BA6BA220E86CE00C28C14 /* AppDelegate.swift in Sources */,
				656BA6DD220E8E8A00C28C14 /* HelloWorldViewController.swift in Sources */,
			);
			runOnlyForDeploymentPostprocessing = 0;
		};
		656BA6C9220E86CF00C28C14 /* Sources */ = {
			isa = PBXSourcesBuildPhase;
			buildActionMask = 2147483647;
			files = (
				656BA6D2220E86CF00C28C14 /* Hello_WorldUITests.swift in Sources */,
			);
			runOnlyForDeploymentPostprocessing = 0;
		};
/* End PBXSourcesBuildPhase section */

/* Begin PBXTargetDependency section */
		656BA6CF220E86CF00C28C14 /* PBXTargetDependency */ = {
			isa = PBXTargetDependency;
			target = 656BA6B5220E86CE00C28C14 /* Hello World */;
			targetProxy = 656BA6CE220E86CF00C28C14 /* PBXContainerItemProxy */;
		};
/* End PBXTargetDependency section */

/* Begin PBXVariantGroup section */
		656BA6BD220E86CE00C28C14 /* Main.storyboard */ = {
			isa = PBXVariantGroup;
			children = (
				656BA6BE220E86CE00C28C14 /* Base */,
			);
			name = Main.storyboard;
			sourceTree = "<group>";
		};
		656BA6C5220E86CF00C28C14 /* LaunchScreen.storyboard */ = {
			isa = PBXVariantGroup;
			children = (
				656BA6C6220E86CF00C28C14 /* Base */,
			);
			name = LaunchScreen.storyboard;
			sourceTree = "<group>";
		};
/* End PBXVariantGroup section */

/* Begin XCBuildConfiguration section */
		656BA6D4220E86CF00C28C14 /* Debug */ = {
			isa = XCBuildConfiguration;
			buildSettings = {
				ALWAYS_SEARCH_USER_PATHS = NO;
				CLANG_ANALYZER_NONNULL = YES;
				CLANG_ANALYZER_NUMBER_OBJECT_CONVERSION = YES_AGGRESSIVE;
				CLANG_CXX_LANGUAGE_STANDARD = "gnu++14";
				CLANG_CXX_LIBRARY = "libc++";
				CLANG_ENABLE_MODULES = YES;
				CLANG_ENABLE_OBJC_ARC = YES;
				CLANG_ENABLE_OBJC_WEAK = YES;
				CLANG_WARN_BLOCK_CAPTURE_AUTORELEASING = YES;
				CLANG_WARN_BOOL_CONVERSION = YES;
				CLANG_WARN_COMMA = YES;
				CLANG_WARN_CONSTANT_CONVERSION = YES;
				CLANG_WARN_DEPRECATED_OBJC_IMPLEMENTATIONS = YES;
				CLANG_WARN_DIRECT_OBJC_ISA_USAGE = YES_ERROR;
				CLANG_WARN_DOCUMENTATION_COMMENTS = YES;
				CLANG_WARN_EMPTY_BODY = YES;
				CLANG_WARN_ENUM_CONVERSION = YES;
				CLANG_WARN_INFINITE_RECURSION = YES;
				CLANG_WARN_INT_CONVERSION = YES;
				CLANG_WARN_NON_LITERAL_NULL_CONVERSION = YES;
				CLANG_WARN_OBJC_IMPLICIT_RETAIN_SELF = YES;
				CLANG_WARN_OBJC_LITERAL_CONVERSION = YES;
				CLANG_WARN_OBJC_ROOT_CLASS = YES_ERROR;
				CLANG_WARN_RANGE_LOOP_ANALYSIS = YES;
				CLANG_WARN_STRICT_PROTOTYPES = YES;
				CLANG_WARN_SUSPICIOUS_MOVE = YES;
				CLANG_WARN_UNGUARDED_AVAILABILITY = YES_AGGRESSIVE;
				CLANG_WARN_UNREACHABLE_CODE = YES;
				CLANG_WARN__DUPLICATE_METHOD_MATCH = YES;
				CODE_SIGN_IDENTITY = "iPhone Developer";
				COPY_PHASE_STRIP = NO;
				DEBUG_INFORMATION_FORMAT = dwarf;
				ENABLE_STRICT_OBJC_MSGSEND = YES;
				ENABLE_TESTABILITY = YES;
				GCC_C_LANGUAGE_STANDARD = gnu11;
				GCC_DYNAMIC_NO_PIC = NO;
				GCC_NO_COMMON_BLOCKS = YES;
				GCC_OPTIMIZATION_LEVEL = 0;
				GCC_PREPROCESSOR_DEFINITIONS = (
					"DEBUG=1",
					"$(inherited)",
				);
				GCC_WARN_64_TO_32_BIT_CONVERSION = YES;
				GCC_WARN_ABOUT_RETURN_TYPE = YES_ERROR;
				GCC_WARN_UNDECLARED_SELECTOR = YES;
				GCC_WARN_UNINITIALIZED_AUTOS = YES_AGGRESSIVE;
				GCC_WARN_UNUSED_FUNCTION = YES;
				GCC_WARN_UNUSED_VARIABLE = YES;
				IPHONEOS_DEPLOYMENT_TARGET = 12.1;
				MTL_ENABLE_DEBUG_INFO = INCLUDE_SOURCE;
				MTL_FAST_MATH = YES;
				ONLY_ACTIVE_ARCH = YES;
				SDKROOT = iphoneos;
				SWIFT_ACTIVE_COMPILATION_CONDITIONS = DEBUG;
				SWIFT_OPTIMIZATION_LEVEL = "-Onone";
			};
			name = Debug;
		};
		656BA6D5220E86CF00C28C14 /* Release */ = {
			isa = XCBuildConfiguration;
			buildSettings = {
				ALWAYS_SEARCH_USER_PATHS = NO;
				CLANG_ANALYZER_NONNULL = YES;
				CLANG_ANALYZER_NUMBER_OBJECT_CONVERSION = YES_AGGRESSIVE;
				CLANG_CXX_LANGUAGE_STANDARD = "gnu++14";
				CLANG_CXX_LIBRARY = "libc++";
				CLANG_ENABLE_MODULES = YES;
				CLANG_ENABLE_OBJC_ARC = YES;
				CLANG_ENABLE_OBJC_WEAK = YES;
				CLANG_WARN_BLOCK_CAPTURE_AUTORELEASING = YES;
				CLANG_WARN_BOOL_CONVERSION = YES;
				CLANG_WARN_COMMA = YES;
				CLANG_WARN_CONSTANT_CONVERSION = YES;
				CLANG_WARN_DEPRECATED_OBJC_IMPLEMENTATIONS = YES;
				CLANG_WARN_DIRECT_OBJC_ISA_USAGE = YES_ERROR;
				CLANG_WARN_DOCUMENTATION_COMMENTS = YES;
				CLANG_WARN_EMPTY_BODY = YES;
				CLANG_WARN_ENUM_CONVERSION = YES;
				CLANG_WARN_INFINITE_RECURSION = YES;
				CLANG_WARN_INT_CONVERSION = YES;
				CLANG_WARN_NON_LITERAL_NULL_CONVERSION = YES;
				CLANG_WARN_OBJC_IMPLICIT_RETAIN_SELF = YES;
				CLANG_WARN_OBJC_LITERAL_CONVERSION = YES;
				CLANG_WARN_OBJC_ROOT_CLASS = YES_ERROR;
				CLANG_WARN_RANGE_LOOP_ANALYSIS = YES;
				CLANG_WARN_STRICT_PROTOTYPES = YES;
				CLANG_WARN_SUSPICIOUS_MOVE = YES;
				CLANG_WARN_UNGUARDED_AVAILABILITY = YES_AGGRESSIVE;
				CLANG_WARN_UNREACHABLE_CODE = YES;
				CLANG_WARN__DUPLICATE_METHOD_MATCH = YES;
				CODE_SIGN_IDENTITY = "iPhone Developer";
				COPY_PHASE_STRIP = NO;
				DEBUG_INFORMATION_FORMAT = "dwarf-with-dsym";
				ENABLE_NS_ASSERTIONS = NO;
				ENABLE_STRICT_OBJC_MSGSEND = YES;
				GCC_C_LANGUAGE_STANDARD = gnu11;
				GCC_NO_COMMON_BLOCKS = YES;
				GCC_WARN_64_TO_32_BIT_CONVERSION = YES;
				GCC_WARN_ABOUT_RETURN_TYPE = YES_ERROR;
				GCC_WARN_UNDECLARED_SELECTOR = YES;
				GCC_WARN_UNINITIALIZED_AUTOS = YES_AGGRESSIVE;
				GCC_WARN_UNUSED_FUNCTION = YES;
				GCC_WARN_UNUSED_VARIABLE = YES;
				IPHONEOS_DEPLOYMENT_TARGET = 12.1;
				MTL_ENABLE_DEBUG_INFO = NO;
				MTL_FAST_MATH = YES;
				SDKROOT = iphoneos;
				SWIFT_COMPILATION_MODE = wholemodule;
				SWIFT_OPTIMIZATION_LEVEL = "-O";
				VALIDATE_PRODUCT = YES;
			};
			name = Release;
		};
		656BA6D7220E86CF00C28C14 /* Debug */ = {
			isa = XCBuildConfiguration;
			buildSettings = {
				ASSETCATALOG_COMPILER_APPICON_NAME = AppIcon;
				CODE_SIGN_STYLE = Automatic;
				DEVELOPMENT_TEAM = UT4Q8NM668;
				INFOPLIST_FILE = "Hello World/Info.plist";
				LD_RUNPATH_SEARCH_PATHS = (
					"$(inherited)",
					"@executable_path/Frameworks",
				);
				PRODUCT_BUNDLE_IDENTIFIER = "io.github.thomas-ertl.Hello-World";
				PRODUCT_NAME = "$(TARGET_NAME)";
				SWIFT_VERSION = 4.2;
				TARGETED_DEVICE_FAMILY = "1,2";
			};
			name = Debug;
		};
		656BA6D8220E86CF00C28C14 /* Release */ = {
			isa = XCBuildConfiguration;
			buildSettings = {
				ASSETCATALOG_COMPILER_APPICON_NAME = AppIcon;
				CODE_SIGN_STYLE = Automatic;
				DEVELOPMENT_TEAM = UT4Q8NM668;
				INFOPLIST_FILE = "Hello World/Info.plist";
				LD_RUNPATH_SEARCH_PATHS = (
					"$(inherited)",
					"@executable_path/Frameworks",
				);
				PRODUCT_BUNDLE_IDENTIFIER = "io.github.thomas-ertl.Hello-World";
				PRODUCT_NAME = "$(TARGET_NAME)";
				SWIFT_VERSION = 4.2;
				TARGETED_DEVICE_FAMILY = "1,2";
			};
			name = Release;
		};
		656BA6DA220E86CF00C28C14 /* Debug */ = {
			isa = XCBuildConfiguration;
			buildSettings = {
				ALWAYS_EMBED_SWIFT_STANDARD_LIBRARIES = YES;
				CODE_SIGN_STYLE = Automatic;
				DEVELOPMENT_TEAM = UT4Q8NM668;
				INFOPLIST_FILE = "Hello WorldUITests/Info.plist";
				LD_RUNPATH_SEARCH_PATHS = (
					"$(inherited)",
					"@executable_path/Frameworks",
					"@loader_path/Frameworks",
				);
				PRODUCT_BUNDLE_IDENTIFIER = "io.github.thomas-ertl.Hello-WorldUITests";
				PRODUCT_NAME = "$(TARGET_NAME)";
				SWIFT_VERSION = 4.2;
				TARGETED_DEVICE_FAMILY = "1,2";
				TEST_TARGET_NAME = "Hello World";
			};
			name = Debug;
		};
		656BA6DB220E86CF00C28C14 /* Release */ = {
			isa = XCBuildConfiguration;
			buildSettings = {
				ALWAYS_EMBED_SWIFT_STANDARD_LIBRARIES = YES;
				CODE_SIGN_STYLE = Automatic;
				DEVELOPMENT_TEAM = UT4Q8NM668;
				INFOPLIST_FILE = "Hello WorldUITests/Info.plist";
				LD_RUNPATH_SEARCH_PATHS = (
					"$(inherited)",
					"@executable_path/Frameworks",
					"@loader_path/Frameworks",
				);
				PRODUCT_BUNDLE_IDENTIFIER = "io.github.thomas-ertl.Hello-WorldUITests";
				PRODUCT_NAME = "$(TARGET_NAME)";
				SWIFT_VERSION = 4.2;
				TARGETED_DEVICE_FAMILY = "1,2";
				TEST_TARGET_NAME = "Hello World";
			};
			name = Release;
		};
/* End XCBuildConfiguration section */

/* Begin XCConfigurationList section */
		656BA6B1220E86CE00C28C14 /* Build configuration list for PBXProject "Hello World" */ = {
			isa = XCConfigurationList;
			buildConfigurations = (
				656BA6D4220E86CF00C28C14 /* Debug */,
				656BA6D5220E86CF00C28C14 /* Release */,
			);
			defaultConfigurationIsVisible = 0;
			defaultConfigurationName = Release;
		};
		656BA6D6220E86CF00C28C14 /* Build configuration list for PBXNativeTarget "Hello World" */ = {
			isa = XCConfigurationList;
			buildConfigurations = (
				656BA6D7220E86CF00C28C14 /* Debug */,
				656BA6D8220E86CF00C28C14 /* Release */,
			);
			defaultConfigurationIsVisible = 0;
			defaultConfigurationName = Release;
		};
		656BA6D9220E86CF00C28C14 /* Build configuration list for PBXNativeTarget "Hello WorldUITests" */ = {
			isa = XCConfigurationList;
			buildConfigurations = (
				656BA6DA220E86CF00C28C14 /* Debug */,
				656BA6DB220E86CF00C28C14 /* Release */,
			);
			defaultConfigurationIsVisible = 0;
			defaultConfigurationName = Release;
		};
/* End XCConfigurationList section */

/* Begin XCVersionGroup section */
		656BA6C0220E86CE00C28C14 /* Hello_World.xcdatamodeld */ = {
			isa = XCVersionGroup;
			children = (
				656BA6C1220E86CE00C28C14 /* Hello_World.xcdatamodel */,
			);
			currentVersion = 656BA6C1220E86CE00C28C14 /* Hello_World.xcdatamodel */;
			path = Hello_World.xcdatamodeld;
			sourceTree = "<group>";
			versionGroupType = wrapper.xcdatamodel;
		};
/* End XCVersionGroup section */
	};
	rootObject = 656BA6AE220E86CE00C28C14 /* Project object */;
}
